
Microsoft Visual Studio Solution File, Format Version 12.00
# Visual Studio Version 17
VisualStudioVersion = 17.13.35806.99
MinimumVisualStudioVersion = 10.0.40219.1
Project("{FAE04EC0-301F-11D3-BF4B-00C04F79EFBC}") = "Movies.Api", "Movies.Api\Movies.Api.csproj", "{00D9C465-1AA9-C303-5647-46483F5BB1D5}"
EndProject
Project("{FAE04EC0-301F-11D3-BF4B-00C04F79EFBC}") = "Movies.Data", "Movies.Models\Movies.Data.csproj", "{D5391C20-46A6-763D-BEF2-5B283CFCDBA3}"
EndProject
Project("{FAE04EC0-301F-11D3-BF4B-00C04F79EFBC}") = "Movies.Services", "Movies.Services\Movies.Services.csproj", "{B631455A-27FB-AF62-F779-E0765AFD47B7}"
EndProject
Project("{FAE04EC0-301F-11D3-BF4B-00C04F79EFBC}") = "Movies.Tests", "Movies.Tests\Movies.Tests.csproj", "{52453C0D-8020-896F-C58B-8BF22A3529A2}"
EndProject
Project("{2150E333-8FDC-42A3-9474-1A3956D46DE8}") = "Solution Items", "Solution Items", "{8EC462FD-D22E-90A8-E5CE-7E832BA40C5D}"
	ProjectSection(SolutionItems) = preProject
		.editorconfig = .editorconfig
	EndProjectSection
EndProject
Project("{FAE04EC0-301F-11D3-BF4B-00C04F79EFBC}") = "Movies.Repository", "Movies.Data\Movies.Repository.csproj", "{FEC51499-4EC5-4B7A-BADE-3E9C73D97B95}"
EndProject
Global
	GlobalSection(SolutionConfigurationPlatforms) = preSolution
		Debug|Any CPU = Debug|Any CPU
		Release|Any CPU = Release|Any CPU
	EndGlobalSection
	GlobalSection(ProjectConfigurationPlatforms) = postSolution
		{00D9C465-1AA9-C303-5647-46483F5BB1D5}.Debug|Any CPU.ActiveCfg = Debug|Any CPU
		{00D9C465-1AA9-C303-5647-46483F5BB1D5}.Debug|Any CPU.Build.0 = Debug|Any CPU
		{00D9C465-1AA9-C303-5647-46483F5BB1D5}.Release|Any CPU.ActiveCfg = Release|Any CPU
		{00D9C465-1AA9-C303-5647-46483F5BB1D5}.Release|Any CPU.Build.0 = Release|Any CPU
		{D5391C20-46A6-763D-BEF2-5B283CFCDBA3}.Debug|Any CPU.ActiveCfg = Debug|Any CPU
		{D5391C20-46A6-763D-BEF2-5B283CFCDBA3}.Debug|Any CPU.Build.0 = Debug|Any CPU
		{D5391C20-46A6-763D-BEF2-5B283CFCDBA3}.Release|Any CPU.ActiveCfg = Release|Any CPU
		{D5391C20-46A6-763D-BEF2-5B283CFCDBA3}.Release|Any CPU.Build.0 = Release|Any CPU
		{B631455A-27FB-AF62-F779-E0765AFD47B7}.Debug|Any CPU.ActiveCfg = Debug|Any CPU
		{B631455A-27FB-AF62-F779-E0765AFD47B7}.Debug|Any CPU.Build.0 = Debug|Any CPU
		{B631455A-27FB-AF62-F779-E0765AFD47B7}.Release|Any CPU.ActiveCfg = Release|Any CPU
		{B631455A-27FB-AF62-F779-E0765AFD47B7}.Release|Any CPU.Build.0 = Release|Any CPU
		{52453C0D-8020-896F-C58B-8BF22A3529A2}.Debug|Any CPU.ActiveCfg = Debug|Any CPU
		{52453C0D-8020-896F-C58B-8BF22A3529A2}.Debug|Any CPU.Build.0 = Debug|Any CPU
		{52453C0D-8020-896F-C58B-8BF22A3529A2}.Release|Any CPU.ActiveCfg = Release|Any CPU
		{52453C0D-8020-896F-C58B-8BF22A3529A2}.Release|Any CPU.Build.0 = Release|Any CPU
		{FEC51499-4EC5-4B7A-BADE-3E9C73D97B95}.Debug|Any CPU.ActiveCfg = Debug|Any CPU
		{FEC51499-4EC5-4B7A-BADE-3E9C73D97B95}.Debug|Any CPU.Build.0 = Debug|Any CPU
		{FEC51499-4EC5-4B7A-BADE-3E9C73D97B95}.Release|Any CPU.ActiveCfg = Release|Any CPU
		{FEC51499-4EC5-4B7A-BADE-3E9C73D97B95}.Release|Any CPU.Build.0 = Release|Any CPU
	EndGlobalSection
	GlobalSection(SolutionProperties) = preSolution
		HideSolutionNode = FALSE
	EndGlobalSection
	GlobalSection(ExtensibilityGlobals) = postSolution
		SolutionGuid = {A37FA033-2EB3-47CB-B25B-D52FB1FA158C}
	EndGlobalSection
EndGlobal
