
Microsoft Visual Studio Solution File, Format Version 12.00
# Visual Studio Version 17
VisualStudioVersion = 17.13.35806.99
MinimumVisualStudioVersion = 10.0.40219.1
Project("{FAE04EC0-301F-11D3-BF4B-00C04F79EFBC}") = "Api", "Api\Api.csproj", "{2C267E4A-86BC-440C-9ED5-4E568AD8C8DA}"
EndProject
Project("{FAE04EC0-301F-11D3-BF4B-00C04F79EFBC}") = "Models", "Models\Models.csproj", "{53AAA39D-C462-477E-B226-8655B98812B0}"
EndProject
Project("{FAE04EC0-301F-11D3-BF4B-00C04F79EFBC}") = "Services", "Services\Services.csproj", "{5866ABE5-9C43-40EF-B81A-4AF2708479E0}"
EndProject
Project("{FAE04EC0-301F-11D3-BF4B-00C04F79EFBC}") = "Tests", "Tests\Tests.csproj", "{760FDD54-E6B5-4481-9AF4-4C084580613E}"
EndProject
Global
	GlobalSection(SolutionConfigurationPlatforms) = preSolution
		Debug|Any CPU = Debug|Any CPU
		Debug|x64 = Debug|x64
		Debug|x86 = Debug|x86
		Release|Any CPU = Release|Any CPU
		Release|x64 = Release|x64
		Release|x86 = Release|x86
	EndGlobalSection
	GlobalSection(ProjectConfigurationPlatforms) = postSolution
		{2C267E4A-86BC-440C-9ED5-4E568AD8C8DA}.Debug|Any CPU.ActiveCfg = Debug|Any CPU
		{2C267E4A-86BC-440C-9ED5-4E568AD8C8DA}.Debug|Any CPU.Build.0 = Debug|Any CPU
		{2C267E4A-86BC-440C-9ED5-4E568AD8C8DA}.Debug|x64.ActiveCfg = Debug|Any CPU
		{2C267E4A-86BC-440C-9ED5-4E568AD8C8DA}.Debug|x64.Build.0 = Debug|Any CPU
		{2C267E4A-86BC-440C-9ED5-4E568AD8C8DA}.Debug|x86.ActiveCfg = Debug|Any CPU
		{2C267E4A-86BC-440C-9ED5-4E568AD8C8DA}.Debug|x86.Build.0 = Debug|Any CPU
		{2C267E4A-86BC-440C-9ED5-4E568AD8C8DA}.Release|Any CPU.ActiveCfg = Release|Any CPU
		{2C267E4A-86BC-440C-9ED5-4E568AD8C8DA}.Release|Any CPU.Build.0 = Release|Any CPU
		{2C267E4A-86BC-440C-9ED5-4E568AD8C8DA}.Release|x64.ActiveCfg = Release|Any CPU
		{2C267E4A-86BC-440C-9ED5-4E568AD8C8DA}.Release|x64.Build.0 = Release|Any CPU
		{2C267E4A-86BC-440C-9ED5-4E568AD8C8DA}.Release|x86.ActiveCfg = Release|Any CPU
		{2C267E4A-86BC-440C-9ED5-4E568AD8C8DA}.Release|x86.Build.0 = Release|Any CPU
		{53AAA39D-C462-477E-B226-8655B98812B0}.Debug|Any CPU.ActiveCfg = Debug|Any CPU
		{53AAA39D-C462-477E-B226-8655B98812B0}.Debug|Any CPU.Build.0 = Debug|Any CPU
		{53AAA39D-C462-477E-B226-8655B98812B0}.Debug|x64.ActiveCfg = Debug|Any CPU
		{53AAA39D-C462-477E-B226-8655B98812B0}.Debug|x64.Build.0 = Debug|Any CPU
		{53AAA39D-C462-477E-B226-8655B98812B0}.Debug|x86.ActiveCfg = Debug|Any CPU
		{53AAA39D-C462-477E-B226-8655B98812B0}.Debug|x86.Build.0 = Debug|Any CPU
		{53AAA39D-C462-477E-B226-8655B98812B0}.Release|Any CPU.ActiveCfg = Release|Any CPU
		{53AAA39D-C462-477E-B226-8655B98812B0}.Release|Any CPU.Build.0 = Release|Any CPU
		{53AAA39D-C462-477E-B226-8655B98812B0}.Release|x64.ActiveCfg = Release|Any CPU
		{53AAA39D-C462-477E-B226-8655B98812B0}.Release|x64.Build.0 = Release|Any CPU
		{53AAA39D-C462-477E-B226-8655B98812B0}.Release|x86.ActiveCfg = Release|Any CPU
		{53AAA39D-C462-477E-B226-8655B98812B0}.Release|x86.Build.0 = Release|Any CPU
		{5866ABE5-9C43-40EF-B81A-4AF2708479E0}.Debug|Any CPU.ActiveCfg = Debug|Any CPU
		{5866ABE5-9C43-40EF-B81A-4AF2708479E0}.Debug|Any CPU.Build.0 = Debug|Any CPU
		{5866ABE5-9C43-40EF-B81A-4AF2708479E0}.Debug|x64.ActiveCfg = Debug|Any CPU
		{5866ABE5-9C43-40EF-B81A-4AF2708479E0}.Debug|x64.Build.0 = Debug|Any CPU
		{5866ABE5-9C43-40EF-B81A-4AF2708479E0}.Debug|x86.ActiveCfg = Debug|Any CPU
		{5866ABE5-9C43-40EF-B81A-4AF2708479E0}.Debug|x86.Build.0 = Debug|Any CPU
		{5866ABE5-9C43-40EF-B81A-4AF2708479E0}.Release|Any CPU.ActiveCfg = Release|Any CPU
		{5866ABE5-9C43-40EF-B81A-4AF2708479E0}.Release|Any CPU.Build.0 = Release|Any CPU
		{5866ABE5-9C43-40EF-B81A-4AF2708479E0}.Release|x64.ActiveCfg = Release|Any CPU
		{5866ABE5-9C43-40EF-B81A-4AF2708479E0}.Release|x64.Build.0 = Release|Any CPU
		{5866ABE5-9C43-40EF-B81A-4AF2708479E0}.Release|x86.ActiveCfg = Release|Any CPU
		{5866ABE5-9C43-40EF-B81A-4AF2708479E0}.Release|x86.Build.0 = Release|Any CPU
		{760FDD54-E6B5-4481-9AF4-4C084580613E}.Debug|Any CPU.ActiveCfg = Debug|Any CPU
		{760FDD54-E6B5-4481-9AF4-4C084580613E}.Debug|Any CPU.Build.0 = Debug|Any CPU
		{760FDD54-E6B5-4481-9AF4-4C084580613E}.Debug|x64.ActiveCfg = Debug|Any CPU
		{760FDD54-E6B5-4481-9AF4-4C084580613E}.Debug|x64.Build.0 = Debug|Any CPU
		{760FDD54-E6B5-4481-9AF4-4C084580613E}.Debug|x86.ActiveCfg = Debug|Any CPU
		{760FDD54-E6B5-4481-9AF4-4C084580613E}.Debug|x86.Build.0 = Debug|Any CPU
		{760FDD54-E6B5-4481-9AF4-4C084580613E}.Release|Any CPU.ActiveCfg = Release|Any CPU
		{760FDD54-E6B5-4481-9AF4-4C084580613E}.Release|Any CPU.Build.0 = Release|Any CPU
		{760FDD54-E6B5-4481-9AF4-4C084580613E}.Release|x64.ActiveCfg = Release|Any CPU
		{760FDD54-E6B5-4481-9AF4-4C084580613E}.Release|x64.Build.0 = Release|Any CPU
		{760FDD54-E6B5-4481-9AF4-4C084580613E}.Release|x86.ActiveCfg = Release|Any CPU
		{760FDD54-E6B5-4481-9AF4-4C084580613E}.Release|x86.Build.0 = Release|Any CPU
	EndGlobalSection
	GlobalSection(SolutionProperties) = preSolution
		HideSolutionNode = FALSE
	EndGlobalSection
	GlobalSection(ExtensibilityGlobals) = postSolution
		SolutionGuid = {A37FA033-2EB3-47CB-B25B-D52FB1FA158C}
	EndGlobalSection
EndGlobal
